
Microsoft Visual Studio Solution File, Format Version 12.00
# Visual Studio Version 17
VisualStudioVersion = 17.0.31903.59
MinimumVisualStudioVersion = 10.0.40219.1
Project("{E8F8823E-235C-44F8-82B8-6745B5D63335}") = "AI-Powered-Coding.App", "AI-Powered-Coding.App\AI-Powered-Coding.App.csproj", "{F79C3978-EEAE-41A4-800A-3F87A6C46A0D}"
EndProject
Project("{E8F8823E-235C-44F8-82B8-6745B5D63335}") = "AI-Powered-Coding.Test", "AI-Powered-Coding.Test\AI-Powered-Coding.Test.csproj", "{32592903-2F53-4983-AA09-F34A99230DEB}"
EndProject
Global
	GlobalSection(SolutionConfigurationPlatforms) = preSolution
		Debug|Any CPU = Debug|Any CPU
		Release|Any CPU = Release|Any CPU
	EndGlobalSection
	GlobalSection(ProjectConfigurationPlatforms) = postSolution
		{F79C3978-EEAE-41A4-800A-3F87A6C46A0D}.Debug|Any CPU.ActiveCfg = Debug|Any CPU
		{F79C3978-EEAE-41A4-800A-3F87A6C46A0D}.Debug|Any CPU.Build.0 = Debug|Any CPU
		{F79C3978-EEAE-41A4-800A-3F87A6C46A0D}.Release|Any CPU.ActiveCfg = Release|Any CPU
		{F79C3978-EEAE-41A4-800A-3F87A6C46A0D}.Release|Any CPU.Build.0 = Release|Any CPU
		{32592903-2F53-4983-AA09-F34A99230DEB}.Debug|Any CPU.ActiveCfg = Debug|Any CPU
		{32592903-2F53-4983-AA09-F34A99230DEB}.Debug|Any CPU.Build.0 = Debug|Any CPU
		{32592903-2F53-4983-AA09-F34A99230DEB}.Release|Any CPU.ActiveCfg = Release|Any CPU
		{32592903-2F53-4983-AA09-F34A99230DEB}.Release|Any CPU.Build.0 = Release|Any CPU
	EndGlobalSection
	GlobalSection(SolutionProperties) = preSolution
		HideSolutionNode = FALSE
	EndGlobalSection
EndGlobal
